{
  "name": "vite-plugin-single-spa",
  "lockfileVersion": 2,
  "requires": true,
  "packages": {
    "": {
      "dependencies": {
        "@types/node": "^20.3.0"
      },
      "devDependencies": {
        "typescript": "^5.1.3"
      }
    },
    "node_modules/@types/node": {
      "version": "20.3.0",
      "resolved": "https://registry.npmjs.org/@types/node/-/node-20.3.0.tgz",
      "integrity": "sha512-cumHmIAf6On83X7yP+LrsEyUOf/YlociZelmpRYaGFydoaPdxdt80MAbu6vWerQT2COCp2nPvHdsbD7tHn/YlQ=="
    },
    "node_modules/typescript": {
      "version": "5.1.3",
      "resolved": "https://registry.npmjs.org/typescript/-/typescript-5.1.3.tgz",
      "integrity": "sha512-XH627E9vkeqhlZFQuL+UsyAXEnibT0kWR2FWONlr4sTjvxyJYnyefgrkyECLzM5NenmKzRAy2rR/OlYLA1HkZw==",
      "dev": true,
      "bin": {
        "tsc": "bin/tsc",
        "tsserver": "bin/tsserver"
      },
      "engines": {
        "node": ">=14.17"
      }
    }
  },
  "dependencies": {
    "@types/node": {
      "version": "20.3.0",
      "resolved": "https://registry.npmjs.org/@types/node/-/node-20.3.0.tgz",
      "integrity": "sha512-cumHmIAf6On83X7yP+LrsEyUOf/YlociZelmpRYaGFydoaPdxdt80MAbu6vWerQT2COCp2nPvHdsbD7tHn/YlQ=="
    },
    "typescript": {
      "version": "5.1.3",
      "resolved": "https://registry.npmjs.org/typescript/-/typescript-5.1.3.tgz",
      "integrity": "sha512-XH627E9vkeqhlZFQuL+UsyAXEnibT0kWR2FWONlr4sTjvxyJYnyefgrkyECLzM5NenmKzRAy2rR/OlYLA1HkZw==",
      "dev": true
    }
  }
}
